// !$*UTF8*$!
{
	archiveVersion = 1;
	classes = {
	};
	objectVersion = 55;
	objects = {

/* Begin PBXBuildFile section */
		92623A1A27E5322A00358F8E /* Tests_iOS.swift in Sources */ = {isa = PBXBuildFile; fileRef = 92623A1927E5322A00358F8E /* Tests_iOS.swift */; };
		92623A1C27E5322A00358F8E /* Tests_iOSLaunchTests.swift in Sources */ = {isa = PBXBuildFile; fileRef = 92623A1B27E5322A00358F8E /* Tests_iOSLaunchTests.swift */; };
		92623A2627E5322A00358F8E /* Tests_macOS.swift in Sources */ = {isa = PBXBuildFile; fileRef = 92623A2527E5322A00358F8E /* Tests_macOS.swift */; };
		92623A2827E5322A00358F8E /* Tests_macOSLaunchTests.swift in Sources */ = {isa = PBXBuildFile; fileRef = 92623A2727E5322A00358F8E /* Tests_macOSLaunchTests.swift */; };
		92623A2927E5322A00358F8E /* DailyCodingProblemsApp.swift in Sources */ = {isa = PBXBuildFile; fileRef = 92623A0127E5322700358F8E /* DailyCodingProblemsApp.swift */; };
		92623A2A27E5322A00358F8E /* DailyCodingProblemsApp.swift in Sources */ = {isa = PBXBuildFile; fileRef = 92623A0127E5322700358F8E /* DailyCodingProblemsApp.swift */; };
		92623A2B27E5322A00358F8E /* ContentView.swift in Sources */ = {isa = PBXBuildFile; fileRef = 92623A0227E5322700358F8E /* ContentView.swift */; };
		92623A2C27E5322A00358F8E /* ContentView.swift in Sources */ = {isa = PBXBuildFile; fileRef = 92623A0227E5322700358F8E /* ContentView.swift */; };
		92623A2D27E5322A00358F8E /* Assets.xcassets in Resources */ = {isa = PBXBuildFile; fileRef = 92623A0327E5322900358F8E /* Assets.xcassets */; };
		92623A2E27E5322A00358F8E /* Assets.xcassets in Resources */ = {isa = PBXBuildFile; fileRef = 92623A0327E5322900358F8E /* Assets.xcassets */; };
/* End PBXBuildFile section */

/* Begin PBXContainerItemProxy section */
		92623A1627E5322900358F8E /* PBXContainerItemProxy */ = {
			isa = PBXContainerItemProxy;
			containerPortal = 926239FC27E5322600358F8E /* Project object */;
			proxyType = 1;
			remoteGlobalIDString = 92623A0727E5322900358F8E;
			remoteInfo = "DailyCodingProblems (iOS)";
		};
		92623A2227E5322A00358F8E /* PBXContainerItemProxy */ = {
			isa = PBXContainerItemProxy;
			containerPortal = 926239FC27E5322600358F8E /* Project object */;
			proxyType = 1;
			remoteGlobalIDString = 92623A0D27E5322900358F8E;
			remoteInfo = "DailyCodingProblems (macOS)";
		};
/* End PBXContainerItemProxy section */

/* Begin PBXFileReference section */
		92623A0127E5322700358F8E /* DailyCodingProblemsApp.swift */ = {isa = PBXFileReference; lastKnownFileType = sourcecode.swift; path = DailyCodingProblemsApp.swift; sourceTree = "<group>"; };
		92623A0227E5322700358F8E /* ContentView.swift */ = {isa = PBXFileReference; lastKnownFileType = sourcecode.swift; path = ContentView.swift; sourceTree = "<group>"; };
		92623A0327E5322900358F8E /* Assets.xcassets */ = {isa = PBXFileReference; lastKnownFileType = folder.assetcatalog; path = Assets.xcassets; sourceTree = "<group>"; };
		92623A0827E5322900358F8E /* DailyCodingProblems.app */ = {isa = PBXFileReference; explicitFileType = wrapper.application; includeInIndex = 0; path = DailyCodingProblems.app; sourceTree = BUILT_PRODUCTS_DIR; };
		92623A0E27E5322900358F8E /* DailyCodingProblems.app */ = {isa = PBXFileReference; explicitFileType = wrapper.application; includeInIndex = 0; path = DailyCodingProblems.app; sourceTree = BUILT_PRODUCTS_DIR; };
		92623A1027E5322900358F8E /* macOS.entitlements */ = {isa = PBXFileReference; lastKnownFileType = text.plist.entitlements; path = macOS.entitlements; sourceTree = "<group>"; };
		92623A1527E5322900358F8E /* Tests iOS.xctest */ = {isa = PBXFileReference; explicitFileType = wrapper.cfbundle; includeInIndex = 0; path = "Tests iOS.xctest"; sourceTree = BUILT_PRODUCTS_DIR; };
		92623A1927E5322A00358F8E /* Tests_iOS.swift */ = {isa = PBXFileReference; lastKnownFileType = sourcecode.swift; path = Tests_iOS.swift; sourceTree = "<group>"; };
		92623A1B27E5322A00358F8E /* Tests_iOSLaunchTests.swift */ = {isa = PBXFileReference; lastKnownFileType = sourcecode.swift; path = Tests_iOSLaunchTests.swift; sourceTree = "<group>"; };
		92623A2127E5322A00358F8E /* Tests macOS.xctest */ = {isa = PBXFileReference; explicitFileType = wrapper.cfbundle; includeInIndex = 0; path = "Tests macOS.xctest"; sourceTree = BUILT_PRODUCTS_DIR; };
		92623A2527E5322A00358F8E /* Tests_macOS.swift */ = {isa = PBXFileReference; lastKnownFileType = sourcecode.swift; path = Tests_macOS.swift; sourceTree = "<group>"; };
		92623A2727E5322A00358F8E /* Tests_macOSLaunchTests.swift */ = {isa = PBXFileReference; lastKnownFileType = sourcecode.swift; path = Tests_macOSLaunchTests.swift; sourceTree = "<group>"; };
/* End PBXFileReference section */

/* Begin PBXFrameworksBuildPhase section */
		92623A0527E5322900358F8E /* Frameworks */ = {
			isa = PBXFrameworksBuildPhase;
			buildActionMask = 2147483647;
			files = (
			);
			runOnlyForDeploymentPostprocessing = 0;
		};
		92623A0B27E5322900358F8E /* Frameworks */ = {
			isa = PBXFrameworksBuildPhase;
			buildActionMask = 2147483647;
			files = (
			);
			runOnlyForDeploymentPostprocessing = 0;
		};
		92623A1227E5322900358F8E /* Frameworks */ = {
			isa = PBXFrameworksBuildPhase;
			buildActionMask = 2147483647;
			files = (
			);
			runOnlyForDeploymentPostprocessing = 0;
		};
		92623A1E27E5322A00358F8E /* Frameworks */ = {
			isa = PBXFrameworksBuildPhase;
			buildActionMask = 2147483647;
			files = (
			);
			runOnlyForDeploymentPostprocessing = 0;
		};
/* End PBXFrameworksBuildPhase section */

/* Begin PBXGroup section */
		926239FB27E5322600358F8E = {
			isa = PBXGroup;
			children = (
				92623A0027E5322700358F8E /* Shared */,
				92623A0F27E5322900358F8E /* macOS */,
				92623A1827E5322A00358F8E /* Tests iOS */,
				92623A2427E5322A00358F8E /* Tests macOS */,
				92623A0927E5322900358F8E /* Products */,
			);
			sourceTree = "<group>";
		};
		92623A0027E5322700358F8E /* Shared */ = {
			isa = PBXGroup;
			children = (
				92623A0127E5322700358F8E /* DailyCodingProblemsApp.swift */,
				92623A0227E5322700358F8E /* ContentView.swift */,
				92623A0327E5322900358F8E /* Assets.xcassets */,
			);
			path = Shared;
			sourceTree = "<group>";
		};
		92623A0927E5322900358F8E /* Products */ = {
			isa = PBXGroup;
			children = (
				92623A0827E5322900358F8E /* DailyCodingProblems.app */,
				92623A0E27E5322900358F8E /* DailyCodingProblems.app */,
				92623A1527E5322900358F8E /* Tests iOS.xctest */,
				92623A2127E5322A00358F8E /* Tests macOS.xctest */,
			);
			name = Products;
			sourceTree = "<group>";
		};
		92623A0F27E5322900358F8E /* macOS */ = {
			isa = PBXGroup;
			children = (
				92623A1027E5322900358F8E /* macOS.entitlements */,
			);
			path = macOS;
			sourceTree = "<group>";
		};
		92623A1827E5322A00358F8E /* Tests iOS */ = {
			isa = PBXGroup;
			children = (
				92623A1927E5322A00358F8E /* Tests_iOS.swift */,
				92623A1B27E5322A00358F8E /* Tests_iOSLaunchTests.swift */,
			);
			path = "Tests iOS";
			sourceTree = "<group>";
		};
		92623A2427E5322A00358F8E /* Tests macOS */ = {
			isa = PBXGroup;
			children = (
				92623A2527E5322A00358F8E /* Tests_macOS.swift */,
				92623A2727E5322A00358F8E /* Tests_macOSLaunchTests.swift */,
			);
			path = "Tests macOS";
			sourceTree = "<group>";
		};
/* End PBXGroup section */

/* Begin PBXNativeTarget section */
		92623A0727E5322900358F8E /* DailyCodingProblems (iOS) */ = {
			isa = PBXNativeTarget;
			buildConfigurationList = 92623A3127E5322A00358F8E /* Build configuration list for PBXNativeTarget "DailyCodingProblems (iOS)" */;
			buildPhases = (
				92623A0427E5322900358F8E /* Sources */,
				92623A0527E5322900358F8E /* Frameworks */,
				92623A0627E5322900358F8E /* Resources */,
			);
			buildRules = (
			);
			dependencies = (
			);
			name = "DailyCodingProblems (iOS)";
			productName = "DailyCodingProblems (iOS)";
			productReference = 92623A0827E5322900358F8E /* DailyCodingProblems.app */;
			productType = "com.apple.product-type.application";
		};
		92623A0D27E5322900358F8E /* DailyCodingProblems (macOS) */ = {
			isa = PBXNativeTarget;
			buildConfigurationList = 92623A3427E5322A00358F8E /* Build configuration list for PBXNativeTarget "DailyCodingProblems (macOS)" */;
			buildPhases = (
				92623A0A27E5322900358F8E /* Sources */,
				92623A0B27E5322900358F8E /* Frameworks */,
				92623A0C27E5322900358F8E /* Resources */,
			);
			buildRules = (
			);
			dependencies = (
			);
			name = "DailyCodingProblems (macOS)";
			productName = "DailyCodingProblems (macOS)";
			productReference = 92623A0E27E5322900358F8E /* DailyCodingProblems.app */;
			productType = "com.apple.product-type.application";
		};
		92623A1427E5322900358F8E /* Tests iOS */ = {
			isa = PBXNativeTarget;
			buildConfigurationList = 92623A3727E5322A00358F8E /* Build configuration list for PBXNativeTarget "Tests iOS" */;
			buildPhases = (
				92623A1127E5322900358F8E /* Sources */,
				92623A1227E5322900358F8E /* Frameworks */,
				92623A1327E5322900358F8E /* Resources */,
			);
			buildRules = (
			);
			dependencies = (
				92623A1727E5322900358F8E /* PBXTargetDependency */,
			);
			name = "Tests iOS";
			productName = "Tests iOS";
			productReference = 92623A1527E5322900358F8E /* Tests iOS.xctest */;
			productType = "com.apple.product-type.bundle.ui-testing";
		};
		92623A2027E5322A00358F8E /* Tests macOS */ = {
			isa = PBXNativeTarget;
			buildConfigurationList = 92623A3A27E5322A00358F8E /* Build configuration list for PBXNativeTarget "Tests macOS" */;
			buildPhases = (
				92623A1D27E5322A00358F8E /* Sources */,
				92623A1E27E5322A00358F8E /* Frameworks */,
				92623A1F27E5322A00358F8E /* Resources */,
			);
			buildRules = (
			);
			dependencies = (
				92623A2327E5322A00358F8E /* PBXTargetDependency */,
			);
			name = "Tests macOS";
			productName = "Tests macOS";
			productReference = 92623A2127E5322A00358F8E /* Tests macOS.xctest */;
			productType = "com.apple.product-type.bundle.ui-testing";
		};
/* End PBXNativeTarget section */

/* Begin PBXProject section */
		926239FC27E5322600358F8E /* Project object */ = {
			isa = PBXProject;
			attributes = {
				BuildIndependentTargetsInParallel = 1;
				LastSwiftUpdateCheck = 1320;
				LastUpgradeCheck = 1320;
				TargetAttributes = {
					92623A0727E5322900358F8E = {
						CreatedOnToolsVersion = 13.2;
					};
					92623A0D27E5322900358F8E = {
						CreatedOnToolsVersion = 13.2;
					};
					92623A1427E5322900358F8E = {
						CreatedOnToolsVersion = 13.2;
						TestTargetID = 92623A0727E5322900358F8E;
					};
					92623A2027E5322A00358F8E = {
						CreatedOnToolsVersion = 13.2;
						TestTargetID = 92623A0D27E5322900358F8E;
					};
				};
			};
			buildConfigurationList = 926239FF27E5322600358F8E /* Build configuration list for PBXProject "DailyCodingProblems" */;
			compatibilityVersion = "Xcode 13.0";
			developmentRegion = en;
			hasScannedForEncodings = 0;
			knownRegions = (
				en,
				Base,
			);
			mainGroup = 926239FB27E5322600358F8E;
			productRefGroup = 92623A0927E5322900358F8E /* Products */;
			projectDirPath = "";
			projectRoot = "";
			targets = (
				92623A0727E5322900358F8E /* DailyCodingProblems (iOS) */,
				92623A0D27E5322900358F8E /* DailyCodingProblems (macOS) */,
				92623A1427E5322900358F8E /* Tests iOS */,
				92623A2027E5322A00358F8E /* Tests macOS */,
			);
		};
/* End PBXProject section */

/* Begin PBXResourcesBuildPhase section */
		92623A0627E5322900358F8E /* Resources */ = {
			isa = PBXResourcesBuildPhase;
			buildActionMask = 2147483647;
			files = (
				92623A2D27E5322A00358F8E /* Assets.xcassets in Resources */,
			);
			runOnlyForDeploymentPostprocessing = 0;
		};
		92623A0C27E5322900358F8E /* Resources */ = {
			isa = PBXResourcesBuildPhase;
			buildActionMask = 2147483647;
			files = (
				92623A2E27E5322A00358F8E /* Assets.xcassets in Resources */,
			);
			runOnlyForDeploymentPostprocessing = 0;
		};
		92623A1327E5322900358F8E /* Resources */ = {
			isa = PBXResourcesBuildPhase;
			buildActionMask = 2147483647;
			files = (
			);
			runOnlyForDeploymentPostprocessing = 0;
		};
		92623A1F27E5322A00358F8E /* Resources */ = {
			isa = PBXResourcesBuildPhase;
			buildActionMask = 2147483647;
			files = (
			);
			runOnlyForDeploymentPostprocessing = 0;
		};
/* End PBXResourcesBuildPhase section */

/* Begin PBXSourcesBuildPhase section */
		92623A0427E5322900358F8E /* Sources */ = {
			isa = PBXSourcesBuildPhase;
			buildActionMask = 2147483647;
			files = (
				92623A2B27E5322A00358F8E /* ContentView.swift in Sources */,
				92623A2927E5322A00358F8E /* DailyCodingProblemsApp.swift in Sources */,
			);
			runOnlyForDeploymentPostprocessing = 0;
		};
		92623A0A27E5322900358F8E /* Sources */ = {
			isa = PBXSourcesBuildPhase;
			buildActionMask = 2147483647;
			files = (
				92623A2C27E5322A00358F8E /* ContentView.swift in Sources */,
				92623A2A27E5322A00358F8E /* DailyCodingProblemsApp.swift in Sources */,
			);
			runOnlyForDeploymentPostprocessing = 0;
		};
		92623A1127E5322900358F8E /* Sources */ = {
			isa = PBXSourcesBuildPhase;
			buildActionMask = 2147483647;
			files = (
				92623A1C27E5322A00358F8E /* Tests_iOSLaunchTests.swift in Sources */,
				92623A1A27E5322A00358F8E /* Tests_iOS.swift in Sources */,
			);
			runOnlyForDeploymentPostprocessing = 0;
		};
		92623A1D27E5322A00358F8E /* Sources */ = {
			isa = PBXSourcesBuildPhase;
			buildActionMask = 2147483647;
			files = (
				92623A2827E5322A00358F8E /* Tests_macOSLaunchTests.swift in Sources */,
				92623A2627E5322A00358F8E /* Tests_macOS.swift in Sources */,
			);
			runOnlyForDeploymentPostprocessing = 0;
		};
/* End PBXSourcesBuildPhase section */

/* Begin PBXTargetDependency section */
		92623A1727E5322900358F8E /* PBXTargetDependency */ = {
			isa = PBXTargetDependency;
			target = 92623A0727E5322900358F8E /* DailyCodingProblems (iOS) */;
			targetProxy = 92623A1627E5322900358F8E /* PBXContainerItemProxy */;
		};
		92623A2327E5322A00358F8E /* PBXTargetDependency */ = {
			isa = PBXTargetDependency;
			target = 92623A0D27E5322900358F8E /* DailyCodingProblems (macOS) */;
			targetProxy = 92623A2227E5322A00358F8E /* PBXContainerItemProxy */;
		};
/* End PBXTargetDependency section */

/* Begin XCBuildConfiguration section */
		92623A2F27E5322A00358F8E /* Debug */ = {
			isa = XCBuildConfiguration;
			buildSettings = {
				ALWAYS_SEARCH_USER_PATHS = NO;
				CLANG_ANALYZER_NONNULL = YES;
				CLANG_ANALYZER_NUMBER_OBJECT_CONVERSION = YES_AGGRESSIVE;
				CLANG_CXX_LANGUAGE_STANDARD = "gnu++17";
				CLANG_CXX_LIBRARY = "libc++";
				CLANG_ENABLE_MODULES = YES;
				CLANG_ENABLE_OBJC_ARC = YES;
				CLANG_ENABLE_OBJC_WEAK = YES;
				CLANG_WARN_BLOCK_CAPTURE_AUTORELEASING = YES;
				CLANG_WARN_BOOL_CONVERSION = YES;
				CLANG_WARN_COMMA = YES;
				CLANG_WARN_CONSTANT_CONVERSION = YES;
				CLANG_WARN_DEPRECATED_OBJC_IMPLEMENTATIONS = YES;
				CLANG_WARN_DIRECT_OBJC_ISA_USAGE = YES_ERROR;
				CLANG_WARN_DOCUMENTATION_COMMENTS = YES;
				CLANG_WARN_EMPTY_BODY = YES;
				CLANG_WARN_ENUM_CONVERSION = YES;
				CLANG_WARN_INFINITE_RECURSION = YES;
				CLANG_WARN_INT_CONVERSION = YES;
				CLANG_WARN_NON_LITERAL_NULL_CONVERSION = YES;
				CLANG_WARN_OBJC_IMPLICIT_RETAIN_SELF = YES;
				CLANG_WARN_OBJC_LITERAL_CONVERSION = YES;
				CLANG_WARN_OBJC_ROOT_CLASS = YES_ERROR;
				CLANG_WARN_QUOTED_INCLUDE_IN_FRAMEWORK_HEADER = YES;
				CLANG_WARN_RANGE_LOOP_ANALYSIS = YES;
				CLANG_WARN_STRICT_PROTOTYPES = YES;
				CLANG_WARN_SUSPICIOUS_MOVE = YES;
				CLANG_WARN_UNGUARDED_AVAILABILITY = YES_AGGRESSIVE;
				CLANG_WARN_UNREACHABLE_CODE = YES;
				CLANG_WARN__DUPLICATE_METHOD_MATCH = YES;
				COPY_PHASE_STRIP = NO;
				DEBUG_INFORMATION_FORMAT = dwarf;
				ENABLE_STRICT_OBJC_MSGSEND = YES;
				ENABLE_TESTABILITY = YES;
				GCC_C_LANGUAGE_STANDARD = gnu11;
				GCC_DYNAMIC_NO_PIC = NO;
				GCC_NO_COMMON_BLOCKS = YES;
				GCC_OPTIMIZATION_LEVEL = 0;
				GCC_PREPROCESSOR_DEFINITIONS = (
					"DEBUG=1",
					"$(inherited)",
				);
				GCC_WARN_64_TO_32_BIT_CONVERSION = YES;
				GCC_WARN_ABOUT_RETURN_TYPE = YES_ERROR;
				GCC_WARN_UNDECLARED_SELECTOR = YES;
				GCC_WARN_UNINITIALIZED_AUTOS = YES_AGGRESSIVE;
				GCC_WARN_UNUSED_FUNCTION = YES;
				GCC_WARN_UNUSED_VARIABLE = YES;
				MTL_ENABLE_DEBUG_INFO = INCLUDE_SOURCE;
				MTL_FAST_MATH = YES;
				ONLY_ACTIVE_ARCH = YES;
				SWIFT_ACTIVE_COMPILATION_CONDITIONS = DEBUG;
				SWIFT_OPTIMIZATION_LEVEL = "-Onone";
			};
			name = Debug;
		};
		92623A3027E5322A00358F8E /* Release */ = {
			isa = XCBuildConfiguration;
			buildSettings = {
				ALWAYS_SEARCH_USER_PATHS = NO;
				CLANG_ANALYZER_NONNULL = YES;
				CLANG_ANALYZER_NUMBER_OBJECT_CONVERSION = YES_AGGRESSIVE;
				CLANG_CXX_LANGUAGE_STANDARD = "gnu++17";
				CLANG_CXX_LIBRARY = "libc++";
				CLANG_ENABLE_MODULES = YES;
				CLANG_ENABLE_OBJC_ARC = YES;
				CLANG_ENABLE_OBJC_WEAK = YES;
				CLANG_WARN_BLOCK_CAPTURE_AUTORELEASING = YES;
				CLANG_WARN_BOOL_CONVERSION = YES;
				CLANG_WARN_COMMA = YES;
				CLANG_WARN_CONSTANT_CONVERSION = YES;
				CLANG_WARN_DEPRECATED_OBJC_IMPLEMENTATIONS = YES;
				CLANG_WARN_DIRECT_OBJC_ISA_USAGE = YES_ERROR;
				CLANG_WARN_DOCUMENTATION_COMMENTS = YES;
				CLANG_WARN_EMPTY_BODY = YES;
				CLANG_WARN_ENUM_CONVERSION = YES;
				CLANG_WARN_INFINITE_RECURSION = YES;
				CLANG_WARN_INT_CONVERSION = YES;
				CLANG_WARN_NON_LITERAL_NULL_CONVERSION = YES;
				CLANG_WARN_OBJC_IMPLICIT_RETAIN_SELF = YES;
				CLANG_WARN_OBJC_LITERAL_CONVERSION = YES;
				CLANG_WARN_OBJC_ROOT_CLASS = YES_ERROR;
				CLANG_WARN_QUOTED_INCLUDE_IN_FRAMEWORK_HEADER = YES;
				CLANG_WARN_RANGE_LOOP_ANALYSIS = YES;
				CLANG_WARN_STRICT_PROTOTYPES = YES;
				CLANG_WARN_SUSPICIOUS_MOVE = YES;
				CLANG_WARN_UNGUARDED_AVAILABILITY = YES_AGGRESSIVE;
				CLANG_WARN_UNREACHABLE_CODE = YES;
				CLANG_WARN__DUPLICATE_METHOD_MATCH = YES;
				COPY_PHASE_STRIP = NO;
				DEBUG_INFORMATION_FORMAT = "dwarf-with-dsym";
				ENABLE_NS_ASSERTIONS = NO;
				ENABLE_STRICT_OBJC_MSGSEND = YES;
				GCC_C_LANGUAGE_STANDARD = gnu11;
				GCC_NO_COMMON_BLOCKS = YES;
				GCC_WARN_64_TO_32_BIT_CONVERSION = YES;
				GCC_WARN_ABOUT_RETURN_TYPE = YES_ERROR;
				GCC_WARN_UNDECLARED_SELECTOR = YES;
				GCC_WARN_UNINITIALIZED_AUTOS = YES_AGGRESSIVE;
				GCC_WARN_UNUSED_FUNCTION = YES;
				GCC_WARN_UNUSED_VARIABLE = YES;
				MTL_ENABLE_DEBUG_INFO = NO;
				MTL_FAST_MATH = YES;
				SWIFT_COMPILATION_MODE = wholemodule;
				SWIFT_OPTIMIZATION_LEVEL = "-O";
			};
			name = Release;
		};
		92623A3227E5322A00358F8E /* Debug */ = {
			isa = XCBuildConfiguration;
			buildSettings = {
				ASSETCATALOG_COMPILER_APPICON_NAME = AppIcon;
				ASSETCATALOG_COMPILER_GLOBAL_ACCENT_COLOR_NAME = AccentColor;
				CODE_SIGN_STYLE = Automatic;
				CURRENT_PROJECT_VERSION = 1;
				ENABLE_PREVIEWS = YES;
				GENERATE_INFOPLIST_FILE = YES;
				INFOPLIST_KEY_UIApplicationSceneManifest_Generation = YES;
				INFOPLIST_KEY_UIApplicationSupportsIndirectInputEvents = YES;
				INFOPLIST_KEY_UILaunchScreen_Generation = YES;
				INFOPLIST_KEY_UISupportedInterfaceOrientations_iPad = "UIInterfaceOrientationPortrait UIInterfaceOrientationPortraitUpsideDown UIInterfaceOrientationLandscapeLeft UIInterfaceOrientationLandscapeRight";
				INFOPLIST_KEY_UISupportedInterfaceOrientations_iPhone = "UIInterfaceOrientationPortrait UIInterfaceOrientationLandscapeLeft UIInterfaceOrientationLandscapeRight";
				IPHONEOS_DEPLOYMENT_TARGET = 15.2;
				LD_RUNPATH_SEARCH_PATHS = (
					"$(inherited)",
					"@executable_path/Frameworks",
				);
				MARKETING_VERSION = 1.0;
				PRODUCT_BUNDLE_IDENTIFIER = com.nathanclague.DailyCodingProblems;
				PRODUCT_NAME = DailyCodingProblems;
				SDKROOT = iphoneos;
				SWIFT_EMIT_LOC_STRINGS = YES;
				SWIFT_VERSION = 5.0;
				TARGETED_DEVICE_FAMILY = "1,2";
			};
			name = Debug;
		};
		92623A3327E5322A00358F8E /* Release */ = {
			isa = XCBuildConfiguration;
			buildSettings = {
				ASSETCATALOG_COMPILER_APPICON_NAME = AppIcon;
				ASSETCATALOG_COMPILER_GLOBAL_ACCENT_COLOR_NAME = AccentColor;
				CODE_SIGN_STYLE = Automatic;
				CURRENT_PROJECT_VERSION = 1;
				ENABLE_PREVIEWS = YES;
				GENERATE_INFOPLIST_FILE = YES;
				INFOPLIST_KEY_UIApplicationSceneManifest_Generation = YES;
				INFOPLIST_KEY_UIApplicationSupportsIndirectInputEvents = YES;
				INFOPLIST_KEY_UILaunchScreen_Generation = YES;
				INFOPLIST_KEY_UISupportedInterfaceOrientations_iPad = "UIInterfaceOrientationPortrait UIInterfaceOrientationPortraitUpsideDown UIInterfaceOrientationLandscapeLeft UIInterfaceOrientationLandscapeRight";
				INFOPLIST_KEY_UISupportedInterfaceOrientations_iPhone = "UIInterfaceOrientationPortrait UIInterfaceOrientationLandscapeLeft UIInterfaceOrientationLandscapeRight";
				IPHONEOS_DEPLOYMENT_TARGET = 15.2;
				LD_RUNPATH_SEARCH_PATHS = (
					"$(inherited)",
					"@executable_path/Frameworks",
				);
				MARKETING_VERSION = 1.0;
				PRODUCT_BUNDLE_IDENTIFIER = com.nathanclague.DailyCodingProblems;
				PRODUCT_NAME = DailyCodingProblems;
				SDKROOT = iphoneos;
				SWIFT_EMIT_LOC_STRINGS = YES;
				SWIFT_VERSION = 5.0;
				TARGETED_DEVICE_FAMILY = "1,2";
				VALIDATE_PRODUCT = YES;
			};
			name = Release;
		};
		92623A3527E5322A00358F8E /* Debug */ = {
			isa = XCBuildConfiguration;
			buildSettings = {
				ASSETCATALOG_COMPILER_APPICON_NAME = AppIcon;
				ASSETCATALOG_COMPILER_GLOBAL_ACCENT_COLOR_NAME = AccentColor;
				CODE_SIGN_ENTITLEMENTS = macOS/macOS.entitlements;
				CODE_SIGN_STYLE = Automatic;
				COMBINE_HIDPI_IMAGES = YES;
				CURRENT_PROJECT_VERSION = 1;
				ENABLE_PREVIEWS = YES;
				GENERATE_INFOPLIST_FILE = YES;
				INFOPLIST_KEY_NSHumanReadableCopyright = "";
				LD_RUNPATH_SEARCH_PATHS = (
					"$(inherited)",
					"@executable_path/../Frameworks",
				);
				MACOSX_DEPLOYMENT_TARGET = 12.1;
				MARKETING_VERSION = 1.0;
				PRODUCT_BUNDLE_IDENTIFIER = com.nathanclague.DailyCodingProblems;
				PRODUCT_NAME = DailyCodingProblems;
				SDKROOT = macosx;
				SWIFT_EMIT_LOC_STRINGS = YES;
				SWIFT_VERSION = 5.0;
			};
			name = Debug;
		};
		92623A3627E5322A00358F8E /* Release */ = {
			isa = XCBuildConfiguration;
			buildSettings = {
				ASSETCATALOG_COMPILER_APPICON_NAME = AppIcon;
				ASSETCATALOG_COMPILER_GLOBAL_ACCENT_COLOR_NAME = AccentColor;
				CODE_SIGN_ENTITLEMENTS = macOS/macOS.entitlements;
				CODE_SIGN_STYLE = Automatic;
				COMBINE_HIDPI_IMAGES = YES;
				CURRENT_PROJECT_VERSION = 1;
				ENABLE_PREVIEWS = YES;
				GENERATE_INFOPLIST_FILE = YES;
				INFOPLIST_KEY_NSHumanReadableCopyright = "";
				LD_RUNPATH_SEARCH_PATHS = (
					"$(inherited)",
					"@executable_path/../Frameworks",
				);
				MACOSX_DEPLOYMENT_TARGET = 12.1;
				MARKETING_VERSION = 1.0;
				PRODUCT_BUNDLE_IDENTIFIER = com.nathanclague.DailyCodingProblems;
				PRODUCT_NAME = DailyCodingProblems;
				SDKROOT = macosx;
				SWIFT_EMIT_LOC_STRINGS = YES;
				SWIFT_VERSION = 5.0;
			};
			name = Release;
		};
		92623A3827E5322A00358F8E /* Debug */ = {
			isa = XCBuildConfiguration;
			buildSettings = {
				ALWAYS_EMBED_SWIFT_STANDARD_LIBRARIES = YES;
				CODE_SIGN_STYLE = Automatic;
				CURRENT_PROJECT_VERSION = 1;
				GENERATE_INFOPLIST_FILE = YES;
				IPHONEOS_DEPLOYMENT_TARGET = 15.2;
				MARKETING_VERSION = 1.0;
				PRODUCT_BUNDLE_IDENTIFIER = "com.nathanclague.Tests-iOS";
				PRODUCT_NAME = "$(TARGET_NAME)";
				SDKROOT = iphoneos;
				SWIFT_EMIT_LOC_STRINGS = NO;
				SWIFT_VERSION = 5.0;
				TARGETED_DEVICE_FAMILY = "1,2";
				TEST_TARGET_NAME = "DailyCodingProblems (iOS)";
			};
			name = Debug;
		};
		92623A3927E5322A00358F8E /* Release */ = {
			isa = XCBuildConfiguration;
			buildSettings = {
				ALWAYS_EMBED_SWIFT_STANDARD_LIBRARIES = YES;
				CODE_SIGN_STYLE = Automatic;
				CURRENT_PROJECT_VERSION = 1;
				GENERATE_INFOPLIST_FILE = YES;
				IPHONEOS_DEPLOYMENT_TARGET = 15.2;
				MARKETING_VERSION = 1.0;
				PRODUCT_BUNDLE_IDENTIFIER = "com.nathanclague.Tests-iOS";
				PRODUCT_NAME = "$(TARGET_NAME)";
				SDKROOT = iphoneos;
				SWIFT_EMIT_LOC_STRINGS = NO;
				SWIFT_VERSION = 5.0;
				TARGETED_DEVICE_FAMILY = "1,2";
				TEST_TARGET_NAME = "DailyCodingProblems (iOS)";
				VALIDATE_PRODUCT = YES;
			};
			name = Release;
		};
		92623A3B27E5322A00358F8E /* Debug */ = {
			isa = XCBuildConfiguration;
			buildSettings = {
				ALWAYS_EMBED_SWIFT_STANDARD_LIBRARIES = YES;
				CODE_SIGN_STYLE = Automatic;
				CURRENT_PROJECT_VERSION = 1;
				GENERATE_INFOPLIST_FILE = YES;
				MACOSX_DEPLOYMENT_TARGET = 12.1;
				MARKETING_VERSION = 1.0;
				PRODUCT_BUNDLE_IDENTIFIER = "com.nathanclague.Tests-macOS";
				PRODUCT_NAME = "$(TARGET_NAME)";
				SDKROOT = macosx;
				SWIFT_EMIT_LOC_STRINGS = NO;
				SWIFT_VERSION = 5.0;
				TEST_TARGET_NAME = "DailyCodingProblems (macOS)";
			};
			name = Debug;
		};
		92623A3C27E5322A00358F8E /* Release */ = {
			isa = XCBuildConfiguration;
			buildSettings = {
				ALWAYS_EMBED_SWIFT_STANDARD_LIBRARIES = YES;
				CODE_SIGN_STYLE = Automatic;
				CURRENT_PROJECT_VERSION = 1;
				GENERATE_INFOPLIST_FILE = YES;
				MACOSX_DEPLOYMENT_TARGET = 12.1;
				MARKETING_VERSION = 1.0;
				PRODUCT_BUNDLE_IDENTIFIER = "com.nathanclague.Tests-macOS";
				PRODUCT_NAME = "$(TARGET_NAME)";
				SDKROOT = macosx;
				SWIFT_EMIT_LOC_STRINGS = NO;
				SWIFT_VERSION = 5.0;
				TEST_TARGET_NAME = "DailyCodingProblems (macOS)";
			};
			name = Release;
		};
/* End XCBuildConfiguration section */

/* Begin XCConfigurationList section */
		926239FF27E5322600358F8E /* Build configuration list for PBXProject "DailyCodingProblems" */ = {
			isa = XCConfigurationList;
			buildConfigurations = (
				92623A2F27E5322A00358F8E /* Debug */,
				92623A3027E5322A00358F8E /* Release */,
			);
			defaultConfigurationIsVisible = 0;
			defaultConfigurationName = Release;
		};
		92623A3127E5322A00358F8E /* Build configuration list for PBXNativeTarget "DailyCodingProblems (iOS)" */ = {
			isa = XCConfigurationList;
			buildConfigurations = (
				92623A3227E5322A00358F8E /* Debug */,
				92623A3327E5322A00358F8E /* Release */,
			);
			defaultConfigurationIsVisible = 0;
			defaultConfigurationName = Release;
		};
		92623A3427E5322A00358F8E /* Build configuration list for PBXNativeTarget "DailyCodingProblems (macOS)" */ = {
			isa = XCConfigurationList;
			buildConfigurations = (
				92623A3527E5322A00358F8E /* Debug */,
				92623A3627E5322A00358F8E /* Release */,
			);
			defaultConfigurationIsVisible = 0;
			defaultConfigurationName = Release;
		};
		92623A3727E5322A00358F8E /* Build configuration list for PBXNativeTarget "Tests iOS" */ = {
			isa = XCConfigurationList;
			buildConfigurations = (
				92623A3827E5322A00358F8E /* Debug */,
				92623A3927E5322A00358F8E /* Release */,
			);
			defaultConfigurationIsVisible = 0;
			defaultConfigurationName = Release;
		};
		92623A3A27E5322A00358F8E /* Build configuration list for PBXNativeTarget "Tests macOS" */ = {
			isa = XCConfigurationList;
			buildConfigurations = (
				92623A3B27E5322A00358F8E /* Debug */,
				92623A3C27E5322A00358F8E /* Release */,
			);
			defaultConfigurationIsVisible = 0;
			defaultConfigurationName = Release;
		};
/* End XCConfigurationList section */
	};
	rootObject = 926239FC27E5322600358F8E /* Project object */;
}
